
Microsoft Visual Studio Solution File, Format Version 12.00
# Visual Studio Version 17
VisualStudioVersion = 17.9.34728.123
MinimumVisualStudioVersion = 10.0.40219.1
Project("{9A19103F-16F7-4668-BE54-9A1E7A4F7556}") = "Hayate", "src\Hayate\Hayate.csproj", "{3F5A7C21-9B4E-4D8A-A1C6-70E2D5B14F30}"
EndProject
Global
	GlobalSection(SolutionConfigurationPlatforms) = preSolution
		Debug|Any CPU = Debug|Any CPU
		Debug|x64 = Debug|x64
		Release|Any CPU = Release|Any CPU
		Release|x64 = Release|x64
	EndGlobalSection
	GlobalSection(ProjectConfigurationPlatforms) = postSolution
		{3F5A7C21-9B4E-4D8A-A1C6-70E2D5B14F30}.Debug|Any CPU.ActiveCfg = Debug|Any CPU
		{3F5A7C21-9B4E-4D8A-A1C6-70E2D5B14F30}.Debug|Any CPU.Build.0 = Debug|Any CPU
		{3F5A7C21-9B4E-4D8A-A1C6-70E2D5B14F30}.Debug|x64.ActiveCfg = Debug|x64
		{3F5A7C21-9B4E-4D8A-A1C6-70E2D5B14F30}.Debug|x64.Build.0 = Debug|x64
		{3F5A7C21-9B4E-4D8A-A1C6-70E2D5B14F30}.Release|Any CPU.ActiveCfg = Release|Any CPU
		{3F5A7C21-9B4E-4D8A-A1C6-70E2D5B14F30}.Release|Any CPU.Build.0 = Release|Any CPU
		{3F5A7C21-9B4E-4D8A-A1C6-70E2D5B14F30}.Release|x64.ActiveCfg = Release|x64
		{3F5A7C21-9B4E-4D8A-A1C6-70E2D5B14F30}.Release|x64.Build.0 = Release|x64
	EndGlobalSection
	GlobalSection(SolutionProperties) = preSolution
		HideSolutionNode = FALSE
	EndGlobalSection
	GlobalSection(ExtensibilityGlobals) = postSolution
		SolutionGuid = {8C1D0E44-2A77-4B93-9E15-C6A8B0F3D219}
	EndGlobalSection
EndGlobal
